cloud.google.com/go/compute/metadata v0.3.0 h1:Tz+eQXMEqDIKRsmY3cHTL6FVaynIjX2QxYC4trgAKZc=
cloud.google.com/go/compute/metadata v0.3.0/go.mod h1:zFmK7XCadkQkj6TtorcaGlCW1hT1fIilQDwofLpJ20k=
github.com/PuerkitoBio/goquery v1.5.1/go.mod h1:GsLWisAFVj4WgDibEWF4pvYnkVQBpKBKeU+7zCJoLcc=
github.com/andybalholm/cascadia v1.1.0/go.mod h1:GsXiBklL0woXo1j/WYWtSYYC4ouU9PqHO0sqidkEA4Y=
github.com/asaskevich/govalidator v0.0.0-20200428143746-21a406dcc535/go.mod h1:oGkLhpf+kjZl6xBf758TQhh5XrAeiJv/7FRz/2spLIg=
github.com/aymerick/douceur v0.2.0 h1:Mv+mAeH1Q+n9Fr+oyamOlAkUNPWPlA8PPGR0QAaYuPk=
github.com/aymerick/douceur v0.2.0/go.mod h1:wlT5vV2O3h55X9m7iVYN0TBM0NH/MmbLnd30/FjWUq4=
github.com/chris-ramon/douceur v0.2.0/go.mod h1:wDW5xjJdeoMm1mRt4sD4c/LbF/mWdEpRXQKjTR8nIBE=
github.com/denisenkom/go-mssqldb v0.0.0-20191124224453-732737034ffd h1:83Wprp6ROGeiHFAP8WJdI2RoxALQYgdllERc3N5N2DM=
github.com/denisenkom/go-mssqldb v0.0.0-20191124224453-732737034ffd/go.mod h1:xbL0rPBG9cCiLr28tMa8zpbdarY27NDyej4t/EjAShU=
github.com/erikstmartin/go-testdb v0.0.0-20160219214506-8d10e4a1bae5 h1:Yzb9+7DPaBjB8zlTR87/ElzFsnQfuHnVUVqpZZIcV5Y=
github.com/erikstmartin/go-testdb v0.0.0-20160219214506-8d10e4a1bae5/go.mod h1:a2zkGnVExMxdzMo3M0Hi/3sEU+cWnZpSni0O6/Yb/P0=
github.com/go-sql-driver/mysql v1.5.0 h1:ozyZYNQW3x3HtqT1jira07DN2PArx2v7/mN66gGcHOs=
github.com/go-sql-driver/mysql v1.5.0/go.mod h1:DCzpHaOWr8IXmIStZouvnhqoel9Qv2LBy8hT2VhHyBg=
github.com/golang-jwt/jwt/v4 v4.5.2 h1:YtQM7lnr8iZ+j5q71MGKkNw9Mn7AjHM68uc9g5fXeUI=
github.com/golang-jwt/jwt/v4 v4.5.2/go.mod h1:m21LjoU+eqJr34lmDMbreY2eSTRJ1cv77w39/MY0Ch0=
github.com/golang-sql/civil v0.0.0-20190719163853-cb61b32ac6fe h1:lXe2qZdvpiX5WZkZR4hgp4KJVfY3nMkvmwbVkpv1rVY=
github.com/golang-sql/civil v0.0.0-20190719163853-cb61b32ac6fe/go.mod h1:8vg3r2VgvsThLBIFL93Qb5yWzgyZWhEmBwUJWevAkK0=
github.com/google/go-cmp v0.6.0 h1:ofyhxvXcZhMsU5ulbFiLKl/XBFqE1GSq7atu8tAmTRI=
github.com/google/go-cmp v0.6.0/go.mod h1:17dUlkBOakJ0+DkrSSNjCkIjxS6bF9zb3elmeNGIjoY=
github.com/google/go-github v17.0.0+incompatible h1:N0LgJ1j65A7kfXrZnUDaYCs/Sf4rEjNlfyDHW9dolSY=
github.com/google/go-github v17.0.0+incompatible/go.mod h1:zLgOLi98H3fifZn+44m+umXrS52loVEgC2AApnigrVQ=
github.com/google/go-querystring v1.0.0 h1:Xkwi/a1rcvNg1PPYe5vI8GbeBY/jrVuDX5ASuANWTrk=
github.com/google/go-querystring v1.0.0/go.mod h1:odCYkC5MyYFN7vkCjXpyrEuKhc/BUO6wN/zVPAxq5ck=
github.com/gorilla/context v1.1.1 h1:AWwleXJkX/nhcU9bZSnZoi3h/qGYqQAGhq6zZe/aQW8=
github.com/gorilla/context v1.1.1/go.mod h1:kBGZzfjB9CEq2AlWe17Uuf7NDRt0dE0s8S51q0aT7Yg=
github.com/gorilla/css v1.0.0 h1:BQqNyPTi50JCFMTw/b67hByjMVXZRwGha6wxVGkeihY=
github.com/gorilla/css v1.0.0/go.mod h1:Dn721qIggHpt4+EFCcTLTU/vk5ySda2ReITrtgBl60c=
github.com/gorilla/securecookie v1.1.1 h1:miw7JPhV+b/lAHSXz4qd/nN9jRiAFV5FwjeKyCS8BvQ=
github.com/gorilla/securecookie v1.1.1/go.mod h1:ra0sb63/xPlUeL+yeDciTfxMRAA+MP+HVt/4epWDjd4=
github.com/gorilla/sessions v1.2.0 h1:S7P+1Hm5V/AT9cjEcUD5uDaQSX0OE577aCXgoaKpYbQ=
github.com/gorilla/sessions v1.2.0/go.mod h1:dk2InVEVJ0sfLlnXv9EAgkf6ecYs/i80K/zI+bUmuGM=
github.com/gosimple/slug v1.9.0 h1:r5vDcYrFz9BmfIAMC829un9hq7hKM4cHUrsv36LbEqs=
github.com/gosimple/slug v1.9.0/go.mod h1:AMZ+sOVe65uByN3kgEyf9WEBKBCSS+dJjMX9x4vDJbg=
github.com/jinzhu/copier v0.0.0-20190924061706-b57f9002281a h1:zPPuIq2jAWWPTrGt70eK/BSch+gFAGrNzecsoENgu2o=
github.com/jinzhu/copier v0.0.0-20190924061706-b57f9002281a/go.mod h1:yL958EeXv8Ylng6IfnvG4oflryUi3vgA3xPs9hmII1s=
github.com/jinzhu/gorm v1.9.15/go.mod h1:G3LB3wezTOWM2ITLzPxEXgSkOXAntiLHS7UdBefADcs=
github.com/jinzhu/gorm v1.9.16 h1:+IyIjPEABKRpsu/F8OvDPy9fyQlgsg2luMV2ZIH5i5o=
github.com/jinzhu/gorm v1.9.16/go.mod h1:G3LB3wezTOWM2ITLzPxEXgSkOXAntiLHS7UdBefADcs=
github.com/jinzhu/inflection v1.0.0 h1:K317FqzuhWc8YvSVlFMCCUb36O/S9MCKRDI7QkRKD/E=
github.com/jinzhu/inflection v1.0.0/go.mod h1:h+uFLlag+Qp1Va5pdKtLDYj+kHp5pxUVkryuEj+Srlc=
github.com/jinzhu/now v1.0.1/go.mod h1:d3SSVoowX0Lcu0IBviAWJpolVfI5UJVZZ7cO71lE/z8=
github.com/jinzhu/now v1.1.1 h1:g39TucaRWyV3dwDO++eEc6qf8TVIQ/Da48WmqjZ3i7E=
github.com/jinzhu/now v1.1.1/go.mod h1:d3SSVoowX0Lcu0IBviAWJpolVfI5UJVZZ7cO71lE/z8=
github.com/lib/pq v1.1.1/go.mod h1:5WUZQaWbwv1U+lTReE5YruASi9Al49XbQIvNi/34Woo=
github.com/lib/pq v1.8.0 h1:9xohqzkUwzR4Ga4ivdTcawVS89YSDVxXMa3xJX3cGzg=
github.com/lib/pq v1.8.0/go.mod h1:AlVN5x4E4T544tWzH6hKfbfQvm3HdbOxrmggDNAPY9o=
github.com/mattn/go-sqlite3 v1.14.0 h1:mLyGNKR8+Vv9CAU7PphKa2hkEqxxhn8i32J6FPj1/QA=
github.com/mattn/go-sqlite3 v1.14.0/go.mod h1:JIl7NbARA7phWnGvh0LKTyg7S9BA+6gx71ShQilpsus=
github.com/microcosm-cc/bluemonday v1.0.3/go.mod h1:8iwZnFn2CDDNZ0r6UXhF4xawGvzaqzCRa1n3/lO3W2w=
github.com/microcosm-cc/bluemonday v1.0.26 h1:xbqSvqzQMeEHCqMi64VAs4d8uy6Mequs3rQ0k/Khz58=
github.com/microcosm-cc/bluemonday v1.0.26/go.mod h1:JyzOCs9gkyQyjs+6h10UEVSe02CGwkhd72Xdqh78TWs=
github.com/mrjones/oauth v0.0.0-20190623134757-126b35219450 h1:j2kD3MT1z4PXCiUllUJF9mWUESr9TWKS7iEKsQ/IipM=
github.com/mrjones/oauth v0.0.0-20190623134757-126b35219450/go.mod h1:skjdDftzkFALcuGzYSklqYd8gvat6F1gZJ4YPVbkZpM=
github.com/qor/assetfs v0.0.0-20170713023933-ff57fdc13a14 h1:JRpyNNSRAkwNHd4WgyPcalTAhxOCh3eFNMoQkxWhjSw=
github.com/qor/assetfs v0.0.0-20170713023933-ff57fdc13a14/go.mod h1:GZSCP3jIneuPsav3pXmpmJwz9ES+Fuq4ZPOUC3wwckQ=
github.com/qor/mailer v0.0.0-20180329083248-0555e49f99ac h1:dONvA5yiZ6LXQ9pEgepLHqtcuhYnzOJfzkLirfs9xos=
github.com/qor/mailer v0.0.0-20180329083248-0555e49f99ac/go.mod h1:83J4znr9Zj5OF4XPQzh+HFGPwUfXrYPCixwSc+QXTYM=
github.com/qor/middlewares v0.0.0-20170822143614-781378b69454 h1:+WCc1IigwWpWBxMFsmLUsIF230TakGHstDajd8aKDAc=
github.com/qor/middlewares v0.0.0-20170822143614-781378b69454/go.mod h1:PejEyg3hS+Toh5m0AKRv2jK5br8qIoHLqmHrpg0WJYg=
github.com/qor/qor v0.0.0-20200729071734-d587cffbbb93 h1:kxseRCbX7NxSvKYSO1rXQCALzl3YLZvooxhhQdA23fU=
github.com/qor/qor v0.0.0-20200729071734-d587cffbbb93/go.mod h1:i3WqgQWpyNJRB9D3ewgthf5/8fR/ALcvPGUqu5vHZA8=
github.com/qor/redirect_back v0.0.0-20170907030740-b4161ed6f848 h1:p8fFfW3hQzNMqXxr+LBrr82MIXoUi1HCXbeM8oCgfnw=
github.com/qor/redirect_back v0.0.0-20170907030740-b4161ed6f848/go.mod h1:AVSTi6lUuohiM2HbnXuN07YucBDRSGHaKz8jAI2DYOU=
github.com/qor/render v1.1.1 h1:DaGaKlf0OzpOB+hJUEiOTbZ40mg+n+LlSJx20/KUfes=
github.com/qor/render v1.1.1/go.mod h1:0cGVpTjSVSjjyrhLiLTMgbMeblLQba7vcKkZHMLlYJw=
github.com/qor/responder v0.0.0-20171031032654-b6def473574f h1:sKELSAyL+z5BRHFe97Bx71z197cBEobVJ6rASKTMSqU=
github.com/qor/responder v0.0.0-20171031032654-b6def473574f/go.mod h1:0TL2G+qGDYhHJ6XIJ6UcqkZVN+jp8AGqGU2wDnv2qas=
github.com/qor/roles v0.0.0-20171127035124-d6375609fe3e h1:F0BNcPJKfubM/+IIILu/GbrH9v2vPZWQ5/StSRKUfK4=
github.com/qor/roles v0.0.0-20171127035124-d6375609fe3e/go.mod h1:++RicL9Ia/BrQHppwAsMc5CA7mAjnBLNniB46MzUteA=
github.com/qor/session v0.0.0-20170907035918-8206b0adab70 h1:8l21EEdlZ9R0AA3FbeUAANc5NAx8Y3tn1VKbyAgjYlI=
github.com/qor/session v0.0.0-20170907035918-8206b0adab70/go.mod h1:ldgcaca0ZGx6tFtd/w0ELq5jHD/KLJ1Lbdn8qhr/pQ0=
github.com/qor/validations v0.0.0-20171228122639-f364bca61b46/go.mod h1:UJsA0AuvrKNaWtrb1UzKai10mN3ZBbQkPjUHpxwahTc=
github.com/rainycape/unidecode v0.0.0-20150907023854-cb7f23ec59be h1:ta7tUOvsPHVHGom5hKW5VXNc2xZIkfCKP8iaqOyYtUQ=
github.com/rainycape/unidecode v0.0.0-20150907023854-cb7f23ec59be/go.mod h1:MIDFMn7db1kT65GmV94GzpX9Qdi7N/pQlwb+AN8wh+Q=
golang.org/x/crypto v0.0.0-20190308221718-c2843e01d9a2/go.mod h1:djNgcEr1/C05ACkg1iLfiJU5Ep61QUkGW8qpdssI0+w=
golang.org/x/crypto v0.0.0-20190325154230-a5d413f7728c/go.mod h1:djNgcEr1/C05ACkg1iLfiJU5Ep61QUkGW8qpdssI0+w=
golang.org/x/crypto v0.0.0-20191205180655-e7c4368fe9dd/go.mod h1:LzIPMQfyMNhhGPhUkYOs5KpL4U8rLKemX1yGLhDgUto=
golang.org/x/crypto v0.45.0 h1:jMBrvKuj23MTlT0bQEOBcAE0mjg8mK9RXFhRH6nyF3Q=
golang.org/x/crypto v0.45.0/go.mod h1:XTGrrkGJve7CYK7J8PEww4aY7gM3qMCElcJQ8n8JdX4=
golang.org/x/net v0.0.0-20180218175443-cbe0f9307d01/go.mod h1:mL1N/T3taQHkDXs73rZJwtUhF3w3ftmwwsq0BUmARs4=
golang.org/x/net v0.0.0-20181220203305-927f97764cc3/go.mod h1:mL1N/T3taQHkDXs73rZJwtUhF3w3ftmwwsq0BUmARs4=
golang.org/x/net v0.0.0-20190404232315-eb5bcb51f2a3/go.mod h1:t9HGtf8HONx5eT2rtn7q6eTqICYqUVnKs3thJo3Qplg=
golang.org/x/net v0.0.0-20200202094626-16171245cfb2/go.mod h1:z5CRVTTTmAJ677TzLLGU+0bjPO0LkuOLi4/5GtJWs/s=
golang.org/x/net v0.0.0-20200324143707-d3edc9973b7e/go.mod h1:qpuaurCH72eLCgpAm/N6yyVIVM9cpaDIP3A8BGJEC5A=
golang.org/x/net v0.47.0 h1:Mx+4dIFzqraBXUugkia1OOvlD6LemFo1ALMHjrXDOhY=
golang.org/x/net v0.47.0/go.mod h1:/jNxtkgq5yWUGYkaZGqo27cfGZ1c5Nen03aYrrKpVRU=
golang.org/x/oauth2 v0.27.0 h1:da9Vo7/tDv5RH/7nZDz1eMGS/q1Vv1N/7FCrBhI9I3M=
golang.org/x/oauth2 v0.27.0/go.mod h1:onh5ek6nERTohokkhCD/y2cV4Do3fxFHFuAejCkRWT8=
golang.org/x/sys v0.0.0-20190215142949-d0b11bdaac8a/go.mod h1:STP8DvDyc/dI5b8T5hshtkjS+E42TnysNCUPdjciGhY=
golang.org/x/sys v0.0.0-20190412213103-97732733099d/go.mod h1:h1NjWce9XRLGQEsW7wpKNCjG9DtNlClVuFLEZdDNbEs=
golang.org/x/sys v0.0.0-20200323222414-85ca7c5b95cd/go.mod h1:h1NjWce9XRLGQEsW7wpKNCjG9DtNlClVuFLEZdDNbEs=
golang.org/x/text v0.3.0/go.mod h1:NqM8EUOU14njkJ3fqMW+pc6Ldnwhi/IjpwHt7yyuwOQ=
